// !$*UTF8*$!
{
	archiveVersion = 1;
	classes = {
	};
	objectVersion = 50;
	objects = {

/* Begin PBXBuildFile section */
		CB7A481324BEAC75005BF3AD /* AppDelegate.swift in Sources */ = {isa = PBXBuildFile; fileRef = CB7A481224BEAC75005BF3AD /* AppDelegate.swift */; };
		CB7A481524BEAC75005BF3AD /* SceneDelegate.swift in Sources */ = {isa = PBXBuildFile; fileRef = CB7A481424BEAC75005BF3AD /* SceneDelegate.swift */; };
		CB7A481A24BEAC75005BF3AD /* Main.storyboard in Resources */ = {isa = PBXBuildFile; fileRef = CB7A481824BEAC75005BF3AD /* Main.storyboard */; };
		CB7A481C24BEAC79005BF3AD /* Assets.xcassets in Resources */ = {isa = PBXBuildFile; fileRef = CB7A481B24BEAC79005BF3AD /* Assets.xcassets */; };
		CB7A481F24BEAC79005BF3AD /* LaunchScreen.storyboard in Resources */ = {isa = PBXBuildFile; fileRef = CB7A481D24BEAC79005BF3AD /* LaunchScreen.storyboard */; };
		CB7A482824BEAC86005BF3AD /* Operator.swift in Sources */ = {isa = PBXBuildFile; fileRef = CB7A482624BEAC86005BF3AD /* Operator.swift */; };
		CB7A482924BEAC86005BF3AD /* ViewController.swift in Sources */ = {isa = PBXBuildFile; fileRef = CB7A482724BEAC86005BF3AD /* ViewController.swift */; };
/* End PBXBuildFile section */

/* Begin PBXFileReference section */
		CB7A480F24BEAC75005BF3AD /* Day7_OverridOPerator.app */ = {isa = PBXFileReference; explicitFileType = wrapper.application; includeInIndex = 0; path = Day7_OverridOPerator.app; sourceTree = BUILT_PRODUCTS_DIR; };
		CB7A481224BEAC75005BF3AD /* AppDelegate.swift */ = {isa = PBXFileReference; lastKnownFileType = sourcecode.swift; path = AppDelegate.swift; sourceTree = "<group>"; };
		CB7A481424BEAC75005BF3AD /* SceneDelegate.swift */ = {isa = PBXFileReference; lastKnownFileType = sourcecode.swift; path = SceneDelegate.swift; sourceTree = "<group>"; };
		CB7A481924BEAC75005BF3AD /* Base */ = {isa = PBXFileReference; lastKnownFileType = file.storyboard; name = Base; path = Base.lproj/Main.storyboard; sourceTree = "<group>"; };
		CB7A481B24BEAC79005BF3AD /* Assets.xcassets */ = {isa = PBXFileReference; lastKnownFileType = folder.assetcatalog; path = Assets.xcassets; sourceTree = "<group>"; };
		CB7A481E24BEAC79005BF3AD /* Base */ = {isa = PBXFileReference; lastKnownFileType = file.storyboard; name = Base; path = Base.lproj/LaunchScreen.storyboard; sourceTree = "<group>"; };
		CB7A482024BEAC79005BF3AD /* Info.plist */ = {isa = PBXFileReference; lastKnownFileType = text.plist.xml; path = Info.plist; sourceTree = "<group>"; };
		CB7A482624BEAC86005BF3AD /* Operator.swift */ = {isa = PBXFileReference; fileEncoding = 4; lastKnownFileType = sourcecode.swift; path = Operator.swift; sourceTree = "<group>"; };
		CB7A482724BEAC86005BF3AD /* ViewController.swift */ = {isa = PBXFileReference; fileEncoding = 4; lastKnownFileType = sourcecode.swift; path = ViewController.swift; sourceTree = "<group>"; };
/* End PBXFileReference section */

/* Begin PBXFrameworksBuildPhase section */
		CB7A480C24BEAC75005BF3AD /* Frameworks */ = {
			isa = PBXFrameworksBuildPhase;
			buildActionMask = 2147483647;
			files = (
			);
			runOnlyForDeploymentPostprocessing = 0;
		};
/* End PBXFrameworksBuildPhase section */

/* Begin PBXGroup section */
		CB7A480624BEAC75005BF3AD = {
			isa = PBXGroup;
			children = (
				CB7A481124BEAC75005BF3AD /* Day7_OverridOPerator */,
				CB7A481024BEAC75005BF3AD /* Products */,
			);
			sourceTree = "<group>";
		};
		CB7A481024BEAC75005BF3AD /* Products */ = {
			isa = PBXGroup;
			children = (
				CB7A480F24BEAC75005BF3AD /* Day7_OverridOPerator.app */,
			);
			name = Products;
			sourceTree = "<group>";
		};
		CB7A481124BEAC75005BF3AD /* Day7_OverridOPerator */ = {
			isa = PBXGroup;
			children = (
				CB7A481224BEAC75005BF3AD /* AppDelegate.swift */,
				CB7A481424BEAC75005BF3AD /* SceneDelegate.swift */,
				CB7A482624BEAC86005BF3AD /* Operator.swift */,
				CB7A482724BEAC86005BF3AD /* ViewController.swift */,
				CB7A481824BEAC75005BF3AD /* Main.storyboard */,
				CB7A481B24BEAC79005BF3AD /* Assets.xcassets */,
				CB7A481D24BEAC79005BF3AD /* LaunchScreen.storyboard */,
				CB7A482024BEAC79005BF3AD /* Info.plist */,
			);
			path = Day7_OverridOPerator;
			sourceTree = "<group>";
		};
/* End PBXGroup section */

/* Begin PBXNativeTarget section */
		CB7A480E24BEAC75005BF3AD /* Day7_OverridOPerator */ = {
			isa = PBXNativeTarget;
			buildConfigurationList = CB7A482324BEAC79005BF3AD /* Build configuration list for PBXNativeTarget "Day7_OverridOPerator" */;
			buildPhases = (
				CB7A480B24BEAC75005BF3AD /* Sources */,
				CB7A480C24BEAC75005BF3AD /* Frameworks */,
				CB7A480D24BEAC75005BF3AD /* Resources */,
			);
			buildRules = (
			);
			dependencies = (
			);
			name = Day7_OverridOPerator;
			productName = Day7_OverridOPerator;
			productReference = CB7A480F24BEAC75005BF3AD /* Day7_OverridOPerator.app */;
			productType = "com.apple.product-type.application";
		};
/* End PBXNativeTarget section */

/* Begin PBXProject section */
		CB7A480724BEAC75005BF3AD /* Project object */ = {
			isa = PBXProject;
			attributes = {
				LastSwiftUpdateCheck = 1150;
				LastUpgradeCheck = 1150;
				ORGANIZATIONNAME = "亿存";
				TargetAttributes = {
					CB7A480E24BEAC75005BF3AD = {
						CreatedOnToolsVersion = 11.5;
					};
				};
			};
			buildConfigurationList = CB7A480A24BEAC75005BF3AD /* Build configuration list for PBXProject "Day7_OverridOPerator" */;
			compatibilityVersion = "Xcode 9.3";
			developmentRegion = en;
			hasScannedForEncodings = 0;
			knownRegions = (
				en,
				Base,
			);
			mainGroup = CB7A480624BEAC75005BF3AD;
			productRefGroup = CB7A481024BEAC75005BF3AD /* Products */;
			projectDirPath = "";
			projectRoot = "";
			targets = (
				CB7A480E24BEAC75005BF3AD /* Day7_OverridOPerator */,
			);
		};
/* End PBXProject section */

/* Begin PBXResourcesBuildPhase section */
		CB7A480D24BEAC75005BF3AD /* Resources */ = {
			isa = PBXResourcesBuildPhase;
			buildActionMask = 2147483647;
			files = (
				CB7A481F24BEAC79005BF3AD /* LaunchScreen.storyboard in Resources */,
				CB7A481C24BEAC79005BF3AD /* Assets.xcassets in Resources */,
				CB7A481A24BEAC75005BF3AD /* Main.storyboard in Resources */,
			);
			runOnlyForDeploymentPostprocessing = 0;
		};
/* End PBXResourcesBuildPhase section */

/* Begin PBXSourcesBuildPhase section */
		CB7A480B24BEAC75005BF3AD /* Sources */ = {
			isa = PBXSourcesBuildPhase;
			buildActionMask = 2147483647;
			files = (
				CB7A481324BEAC75005BF3AD /* AppDelegate.swift in Sources */,
				CB7A482824BEAC86005BF3AD /* Operator.swift in Sources */,
				CB7A482924BEAC86005BF3AD /* ViewController.swift in Sources */,
				CB7A481524BEAC75005BF3AD /* SceneDelegate.swift in Sources */,
			);
			runOnlyForDeploymentPostprocessing = 0;
		};
/* End PBXSourcesBuildPhase section */

/* Begin PBXVariantGroup section */
		CB7A481824BEAC75005BF3AD /* Main.storyboard */ = {
			isa = PBXVariantGroup;
			children = (
				CB7A481924BEAC75005BF3AD /* Base */,
			);
			name = Main.storyboard;
			sourceTree = "<group>";
		};
		CB7A481D24BEAC79005BF3AD /* LaunchScreen.storyboard */ = {
			isa = PBXVariantGroup;
			children = (
				CB7A481E24BEAC79005BF3AD /* Base */,
			);
			name = LaunchScreen.storyboard;
			sourceTree = "<group>";
		};
/* End PBXVariantGroup section */

/* Begin XCBuildConfiguration section */
		CB7A482124BEAC79005BF3AD /* Debug */ = {
			isa = XCBuildConfiguration;
			buildSettings = {
				ALWAYS_SEARCH_USER_PATHS = NO;
				CLANG_ANALYZER_NONNULL = YES;
				CLANG_ANALYZER_NUMBER_OBJECT_CONVERSION = YES_AGGRESSIVE;
				CLANG_CXX_LANGUAGE_STANDARD = "gnu++14";
				CLANG_CXX_LIBRARY = "libc++";
				CLANG_ENABLE_MODULES = YES;
				CLANG_ENABLE_OBJC_ARC = YES;
				CLANG_ENABLE_OBJC_WEAK = YES;
				CLANG_WARN_BLOCK_CAPTURE_AUTORELEASING = YES;
				CLANG_WARN_BOOL_CONVERSION = YES;
				CLANG_WARN_COMMA = YES;
				CLANG_WARN_CONSTANT_CONVERSION = YES;
				CLANG_WARN_DEPRECATED_OBJC_IMPLEMENTATIONS = YES;
				CLANG_WARN_DIRECT_OBJC_ISA_USAGE = YES_ERROR;
				CLANG_WARN_DOCUMENTATION_COMMENTS = YES;
				CLANG_WARN_EMPTY_BODY = YES;
				CLANG_WARN_ENUM_CONVERSION = YES;
				CLANG_WARN_INFINITE_RECURSION = YES;
				CLANG_WARN_INT_CONVERSION = YES;
				CLANG_WARN_NON_LITERAL_NULL_CONVERSION = YES;
				CLANG_WARN_OBJC_IMPLICIT_RETAIN_SELF = YES;
				CLANG_WARN_OBJC_LITERAL_CONVERSION = YES;
				CLANG_WARN_OBJC_ROOT_CLASS = YES_ERROR;
				CLANG_WARN_RANGE_LOOP_ANALYSIS = YES;
				CLANG_WARN_STRICT_PROTOTYPES = YES;
				CLANG_WARN_SUSPICIOUS_MOVE = YES;
				CLANG_WARN_UNGUARDED_AVAILABILITY = YES_AGGRESSIVE;
				CLANG_WARN_UNREACHABLE_CODE = YES;
				CLANG_WARN__DUPLICATE_METHOD_MATCH = YES;
				COPY_PHASE_STRIP = NO;
				DEBUG_INFORMATION_FORMAT = dwarf;
				ENABLE_STRICT_OBJC_MSGSEND = YES;
				ENABLE_TESTABILITY = YES;
				GCC_C_LANGUAGE_STANDARD = gnu11;
				GCC_DYNAMIC_NO_PIC = NO;
				GCC_NO_COMMON_BLOCKS = YES;
				GCC_OPTIMIZATION_LEVEL = 0;
				GCC_PREPROCESSOR_DEFINITIONS = (
					"DEBUG=1",
					"$(inherited)",
				);
				GCC_WARN_64_TO_32_BIT_CONVERSION = YES;
				GCC_WARN_ABOUT_RETURN_TYPE = YES_ERROR;
				GCC_WARN_UNDECLARED_SELECTOR = YES;
				GCC_WARN_UNINITIALIZED_AUTOS = YES_AGGRESSIVE;
				GCC_WARN_UNUSED_FUNCTION = YES;
				GCC_WARN_UNUSED_VARIABLE = YES;
				IPHONEOS_DEPLOYMENT_TARGET = 13.5;
				MTL_ENABLE_DEBUG_INFO = INCLUDE_SOURCE;
				MTL_FAST_MATH = YES;
				ONLY_ACTIVE_ARCH = YES;
				SDKROOT = iphoneos;
				SWIFT_ACTIVE_COMPILATION_CONDITIONS = DEBUG;
				SWIFT_OPTIMIZATION_LEVEL = "-Onone";
			};
			name = Debug;
		};
		CB7A482224BEAC79005BF3AD /* Release */ = {
			isa = XCBuildConfiguration;
			buildSettings = {
				ALWAYS_SEARCH_USER_PATHS = NO;
				CLANG_ANALYZER_NONNULL = YES;
				CLANG_ANALYZER_NUMBER_OBJECT_CONVERSION = YES_AGGRESSIVE;
				CLANG_CXX_LANGUAGE_STANDARD = "gnu++14";
				CLANG_CXX_LIBRARY = "libc++";
				CLANG_ENABLE_MODULES = YES;
				CLANG_ENABLE_OBJC_ARC = YES;
				CLANG_ENABLE_OBJC_WEAK = YES;
				CLANG_WARN_BLOCK_CAPTURE_AUTORELEASING = YES;
				CLANG_WARN_BOOL_CONVERSION = YES;
				CLANG_WARN_COMMA = YES;
				CLANG_WARN_CONSTANT_CONVERSION = YES;
				CLANG_WARN_DEPRECATED_OBJC_IMPLEMENTATIONS = YES;
				CLANG_WARN_DIRECT_OBJC_ISA_USAGE = YES_ERROR;
				CLANG_WARN_DOCUMENTATION_COMMENTS = YES;
				CLANG_WARN_EMPTY_BODY = YES;
				CLANG_WARN_ENUM_CONVERSION = YES;
				CLANG_WARN_INFINITE_RECURSION = YES;
				CLANG_WARN_INT_CONVERSION = YES;
				CLANG_WARN_NON_LITERAL_NULL_CONVERSION = YES;
				CLANG_WARN_OBJC_IMPLICIT_RETAIN_SELF = YES;
				CLANG_WARN_OBJC_LITERAL_CONVERSION = YES;
				CLANG_WARN_OBJC_ROOT_CLASS = YES_ERROR;
				CLANG_WARN_RANGE_LOOP_ANALYSIS = YES;
				CLANG_WARN_STRICT_PROTOTYPES = YES;
				CLANG_WARN_SUSPICIOUS_MOVE = YES;
				CLANG_WARN_UNGUARDED_AVAILABILITY = YES_AGGRESSIVE;
				CLANG_WARN_UNREACHABLE_CODE = YES;
				CLANG_WARN__DUPLICATE_METHOD_MATCH = YES;
				COPY_PHASE_STRIP = NO;
				DEBUG_INFORMATION_FORMAT = "dwarf-with-dsym";
				ENABLE_NS_ASSERTIONS = NO;
				ENABLE_STRICT_OBJC_MSGSEND = YES;
				GCC_C_LANGUAGE_STANDARD = gnu11;
				GCC_NO_COMMON_BLOCKS = YES;
				GCC_WARN_64_TO_32_BIT_CONVERSION = YES;
				GCC_WARN_ABOUT_RETURN_TYPE = YES_ERROR;
				GCC_WARN_UNDECLARED_SELECTOR = YES;
				GCC_WARN_UNINITIALIZED_AUTOS = YES_AGGRESSIVE;
				GCC_WARN_UNUSED_FUNCTION = YES;
				GCC_WARN_UNUSED_VARIABLE = YES;
				IPHONEOS_DEPLOYMENT_TARGET = 13.5;
				MTL_ENABLE_DEBUG_INFO = NO;
				MTL_FAST_MATH = YES;
				SDKROOT = iphoneos;
				SWIFT_COMPILATION_MODE = wholemodule;
				SWIFT_OPTIMIZATION_LEVEL = "-O";
				VALIDATE_PRODUCT = YES;
			};
			name = Release;
		};
		CB7A482424BEAC79005BF3AD /* Debug */ = {
			isa = XCBuildConfiguration;
			buildSettings = {
				ASSETCATALOG_COMPILER_APPICON_NAME = AppIcon;
				CODE_SIGN_STYLE = Automatic;
				INFOPLIST_FILE = Day7_OverridOPerator/Info.plist;
				LD_RUNPATH_SEARCH_PATHS = (
					"$(inherited)",
					"@executable_path/Frameworks",
				);
				PRODUCT_BUNDLE_IDENTIFIER = "HQ.Day7-OverridOPerator";
				PRODUCT_NAME = "$(TARGET_NAME)";
				SWIFT_VERSION = 5.0;
				TARGETED_DEVICE_FAMILY = "1,2";
			};
			name = Debug;
		};
		CB7A482524BEAC79005BF3AD /* Release */ = {
			isa = XCBuildConfiguration;
			buildSettings = {
				ASSETCATALOG_COMPILER_APPICON_NAME = AppIcon;
				CODE_SIGN_STYLE = Automatic;
				INFOPLIST_FILE = Day7_OverridOPerator/Info.plist;
				LD_RUNPATH_SEARCH_PATHS = (
					"$(inherited)",
					"@executable_path/Frameworks",
				);
				PRODUCT_BUNDLE_IDENTIFIER = "HQ.Day7-OverridOPerator";
				PRODUCT_NAME = "$(TARGET_NAME)";
				SWIFT_VERSION = 5.0;
				TARGETED_DEVICE_FAMILY = "1,2";
			};
			name = Release;
		};
/* End XCBuildConfiguration section */

/* Begin XCConfigurationList section */
		CB7A480A24BEAC75005BF3AD /* Build configuration list for PBXProject "Day7_OverridOPerator" */ = {
			isa = XCConfigurationList;
			buildConfigurations = (
				CB7A482124BEAC79005BF3AD /* Debug */,
				CB7A482224BEAC79005BF3AD /* Release */,
			);
			defaultConfigurationIsVisible = 0;
			defaultConfigurationName = Release;
		};
		CB7A482324BEAC79005BF3AD /* Build configuration list for PBXNativeTarget "Day7_OverridOPerator" */ = {
			isa = XCConfigurationList;
			buildConfigurations = (
				CB7A482424BEAC79005BF3AD /* Debug */,
				CB7A482524BEAC79005BF3AD /* Release */,
			);
			defaultConfigurationIsVisible = 0;
			defaultConfigurationName = Release;
		};
/* End XCConfigurationList section */
	};
	rootObject = CB7A480724BEAC75005BF3AD /* Project object */;
}
