// !$*UTF8*$!
{
	archiveVersion = 1;
	classes = {
	};
	objectVersion = 46;
	objects = {

/* Begin PBXBuildFile section */
		2CD630107077BAE9C19C6833 /* MonthView.swift in Sources */ = {isa = PBXBuildFile; fileRef = 2CD632BBF8259801CD3EB66B /* MonthView.swift */; };
		2CD630AEC5751CF9BEE97605 /* Assets.xcassets in Resources */ = {isa = PBXBuildFile; fileRef = 2CD636B60CBAEAB59BE24082 /* Assets.xcassets */; };
		2CD6314B574A66DB7E6E506A /* ContentView.swift in Sources */ = {isa = PBXBuildFile; fileRef = 2CD633641732C24095D4EEDB /* ContentView.swift */; };
		2CD6316F2D7A2C12E485DB41 /* MonthView2.swift in Sources */ = {isa = PBXBuildFile; fileRef = 2CD633AA615BE414796A0652 /* MonthView2.swift */; };
		2CD63225F6826A7422236BC6 /* MonthBorder.swift in Sources */ = {isa = PBXBuildFile; fileRef = 2CD636681BC2E9078F10718B /* MonthBorder.swift */; };
		2CD63A731652A5FCFFC20E03 /* Preview Assets.xcassets in Resources */ = {isa = PBXBuildFile; fileRef = 2CD63AA9F40AC92FCDC21B63 /* Preview Assets.xcassets */; };
		2CD63CD1CC87B6D16F795394 /* SwiftUIPrefereceKeyApp.swift in Sources */ = {isa = PBXBuildFile; fileRef = 2CD63CD4B790CB9CC7433345 /* SwiftUIPrefereceKeyApp.swift */; };
/* End PBXBuildFile section */

/* Begin PBXFileReference section */
		2CD632BBF8259801CD3EB66B /* MonthView.swift */ = {isa = PBXFileReference; fileEncoding = 4; lastKnownFileType = sourcecode.swift; path = MonthView.swift; sourceTree = "<group>"; };
		2CD633641732C24095D4EEDB /* ContentView.swift */ = {isa = PBXFileReference; lastKnownFileType = sourcecode.swift; path = ContentView.swift; sourceTree = "<group>"; };
		2CD633AA615BE414796A0652 /* MonthView2.swift */ = {isa = PBXFileReference; fileEncoding = 4; lastKnownFileType = sourcecode.swift; path = MonthView2.swift; sourceTree = "<group>"; };
		2CD636681BC2E9078F10718B /* MonthBorder.swift */ = {isa = PBXFileReference; fileEncoding = 4; lastKnownFileType = sourcecode.swift; path = MonthBorder.swift; sourceTree = "<group>"; };
		2CD636B60CBAEAB59BE24082 /* Assets.xcassets */ = {isa = PBXFileReference; lastKnownFileType = folder.assetcatalog; path = Assets.xcassets; sourceTree = "<group>"; };
		2CD63AA9F40AC92FCDC21B63 /* Preview Assets.xcassets */ = {isa = PBXFileReference; lastKnownFileType = folder.assetcatalog; path = "Preview Assets.xcassets"; sourceTree = "<group>"; };
		2CD63CD4B790CB9CC7433345 /* SwiftUIPrefereceKeyApp.swift */ = {isa = PBXFileReference; lastKnownFileType = sourcecode.swift; path = SwiftUIPrefereceKeyApp.swift; sourceTree = "<group>"; };
		2CD63E67964D26A8CBAA25E9 /* SwiftUIPrefereceKey.app */ = {isa = PBXFileReference; explicitFileType = wrapper.application; includeInIndex = 0; path = SwiftUIPrefereceKey.app; sourceTree = BUILT_PRODUCTS_DIR; };
/* End PBXFileReference section */

/* Begin PBXFrameworksBuildPhase section */
		2CD6353ECE91BFB55428986B /* Frameworks */ = {
			isa = PBXFrameworksBuildPhase;
			buildActionMask = 2147483647;
			files = (
			);
			runOnlyForDeploymentPostprocessing = 0;
		};
/* End PBXFrameworksBuildPhase section */

/* Begin PBXGroup section */
		2CD63247F70D1FBA2F49B73B /* Preview Content */ = {
			isa = PBXGroup;
			children = (
				2CD63AA9F40AC92FCDC21B63 /* Preview Assets.xcassets */,
			);
			path = "Preview Content";
			sourceTree = "<group>";
		};
		2CD639F994E039F73078078E = {
			isa = PBXGroup;
			children = (
				2CD63D44F77CFDC8C4CBD8D5 /* Products */,
				2CD63FD59A3F32EAE4FCB6E6 /* SwiftUIPrefereceKey */,
			);
			sourceTree = "<group>";
		};
		2CD63D44F77CFDC8C4CBD8D5 /* Products */ = {
			isa = PBXGroup;
			children = (
				2CD63E67964D26A8CBAA25E9 /* SwiftUIPrefereceKey.app */,
			);
			name = Products;
			sourceTree = "<group>";
		};
		2CD63FD59A3F32EAE4FCB6E6 /* SwiftUIPrefereceKey */ = {
			isa = PBXGroup;
			children = (
				2CD636B60CBAEAB59BE24082 /* Assets.xcassets */,
				2CD63247F70D1FBA2F49B73B /* Preview Content */,
				2CD63CD4B790CB9CC7433345 /* SwiftUIPrefereceKeyApp.swift */,
				2CD633641732C24095D4EEDB /* ContentView.swift */,
				2CD636681BC2E9078F10718B /* MonthBorder.swift */,
				2CD632BBF8259801CD3EB66B /* MonthView.swift */,
				2CD633AA615BE414796A0652 /* MonthView2.swift */,
			);
			path = SwiftUIPrefereceKey;
			sourceTree = "<group>";
		};
/* End PBXGroup section */

/* Begin PBXNativeTarget section */
		2CD637AE1CDD314E0212FEFB /* SwiftUIPrefereceKey */ = {
			isa = PBXNativeTarget;
			buildConfigurationList = 2CD636786B88C946A90C6B65 /* Build configuration list for PBXNativeTarget "SwiftUIPrefereceKey" */;
			buildPhases = (
				2CD6304ADEA1547C23FC849D /* Sources */,
				2CD6353ECE91BFB55428986B /* Frameworks */,
				2CD6366700847CBB751C514B /* Resources */,
			);
			buildRules = (
			);
			dependencies = (
			);
			name = SwiftUIPrefereceKey;
			productName = SwiftUIPrefereceKey;
			productReference = 2CD63E67964D26A8CBAA25E9 /* SwiftUIPrefereceKey.app */;
			productType = "com.apple.product-type.application";
		};
/* End PBXNativeTarget section */

/* Begin PBXProject section */
		2CD63A071CE33DAEEF8F5BEB /* Project object */ = {
			isa = PBXProject;
			buildConfigurationList = 2CD631DA2492223F62570497 /* Build configuration list for PBXProject "SwiftUIPrefereceKey" */;
			compatibilityVersion = "Xcode 3.2";
			developmentRegion = English;
			hasScannedForEncodings = 0;
			knownRegions = (
				en,
			);
			mainGroup = 2CD639F994E039F73078078E;
			productRefGroup = 2CD63D44F77CFDC8C4CBD8D5 /* Products */;
			projectDirPath = "";
			projectRoot = "";
			targets = (
				2CD637AE1CDD314E0212FEFB /* SwiftUIPrefereceKey */,
			);
		};
/* End PBXProject section */

/* Begin PBXResourcesBuildPhase section */
		2CD6366700847CBB751C514B /* Resources */ = {
			isa = PBXResourcesBuildPhase;
			buildActionMask = 2147483647;
			files = (
				2CD630AEC5751CF9BEE97605 /* Assets.xcassets in Resources */,
				2CD63A731652A5FCFFC20E03 /* Preview Assets.xcassets in Resources */,
			);
			runOnlyForDeploymentPostprocessing = 0;
		};
/* End PBXResourcesBuildPhase section */

/* Begin PBXSourcesBuildPhase section */
		2CD6304ADEA1547C23FC849D /* Sources */ = {
			isa = PBXSourcesBuildPhase;
			buildActionMask = 2147483647;
			files = (
				2CD63CD1CC87B6D16F795394 /* SwiftUIPrefereceKeyApp.swift in Sources */,
				2CD6314B574A66DB7E6E506A /* ContentView.swift in Sources */,
				2CD63225F6826A7422236BC6 /* MonthBorder.swift in Sources */,
				2CD630107077BAE9C19C6833 /* MonthView.swift in Sources */,
				2CD6316F2D7A2C12E485DB41 /* MonthView2.swift in Sources */,
			);
			runOnlyForDeploymentPostprocessing = 0;
		};
/* End PBXSourcesBuildPhase section */

/* Begin XCBuildConfiguration section */
		2CD6329E99A0F2C26735BE44 /* Release */ = {
			isa = XCBuildConfiguration;
			buildSettings = {
				ALWAYS_SEARCH_USER_PATHS = NO;
				CLANG_ANALYZER_NONNULL = YES;
				CLANG_ANALYZER_NUMBER_OBJECT_CONVERSION = YES_AGGRESSIVE;
				CLANG_CXX_LANGUAGE_STANDARD = "gnu++17";
				CLANG_ENABLE_MODULES = YES;
				CLANG_ENABLE_OBJC_ARC = YES;
				CLANG_ENABLE_OBJC_WEAK = YES;
				CLANG_WARN_BLOCK_CAPTURE_AUTORELEASING = YES;
				CLANG_WARN_BOOL_CONVERSION = YES;
				CLANG_WARN_COMMA = YES;
				CLANG_WARN_CONSTANT_CONVERSION = YES;
				CLANG_WARN_DEPRECATED_OBJC_IMPLEMENTATIONS = YES;
				CLANG_WARN_DIRECT_OBJC_ISA_USAGE = YES_ERROR;
				CLANG_WARN_DOCUMENTATION_COMMENTS = YES;
				CLANG_WARN_EMPTY_BODY = YES;
				CLANG_WARN_ENUM_CONVERSION = YES;
				CLANG_WARN_INFINITE_RECURSION = YES;
				CLANG_WARN_INT_CONVERSION = YES;
				CLANG_WARN_NON_LITERAL_NULL_CONVERSION = YES;
				CLANG_WARN_OBJC_IMPLICIT_RETAIN_SELF = YES;
				CLANG_WARN_OBJC_LITERAL_CONVERSION = YES;
				CLANG_WARN_OBJC_ROOT_CLASS = YES_ERROR;
				CLANG_WARN_QUOTED_INCLUDE_IN_FRAMEWORK_HEADER = YES;
				CLANG_WARN_RANGE_LOOP_ANALYSIS = YES;
				CLANG_WARN_STRICT_PROTOTYPES = YES;
				CLANG_WARN_SUSPICIOUS_MOVE = YES;
				CLANG_WARN_UNGUARDED_AVAILABILITY = YES_AGGRESSIVE;
				CLANG_WARN_UNREACHABLE_CODE = YES;
				CLANG_WARN__DUPLICATE_METHOD_MATCH = YES;
				COPY_PHASE_STRIP = NO;
				DEBUG_INFORMATION_FORMAT = "dwarf-with-dsym";
				ENABLE_NS_ASSERTIONS = NO;
				ENABLE_STRICT_OBJC_MSGSEND = YES;
				GCC_C_LANGUAGE_STANDARD = gnu11;
				GCC_NO_COMMON_BLOCKS = YES;
				GCC_WARN_64_TO_32_BIT_CONVERSION = YES;
				GCC_WARN_ABOUT_RETURN_TYPE = YES_ERROR;
				GCC_WARN_UNDECLARED_SELECTOR = YES;
				GCC_WARN_UNINITIALIZED_AUTOS = YES_AGGRESSIVE;
				GCC_WARN_UNUSED_FUNCTION = YES;
				GCC_WARN_UNUSED_VARIABLE = YES;
				IPHONEOS_DEPLOYMENT_TARGET = 15.5;
				MTL_ENABLE_DEBUG_INFO = NO;
				MTL_FAST_MATH = YES;
				SDKROOT = iphoneos;
				SWIFT_COMPILATION_MODE = wholemodule;
				SWIFT_OPTIMIZATION_LEVEL = "-O";
				VALIDATE_PRODUCT = YES;
			};
			name = Release;
		};
		2CD6378790FB66098FF61E94 /* Release */ = {
			isa = XCBuildConfiguration;
			buildSettings = {
				ASSETCATALOG_COMPILER_APPICON_NAME = AppIcon;
				ASSETCATALOG_COMPILER_GLOBAL_ACCENT_COLOR_NAME = AccentColor;
				CURRENT_PROJECT_VERSION = 1;
				DEVELOPMENT_ASSET_PATHS = "\"SwiftUIPrefereceKey/Preview Content\"";
				ENABLE_PREVIEWS = YES;
				GENERATE_INFOPLIST_FILE = YES;
				INFOPLIST_KEY_UIApplicationSceneManifest_Generation = YES;
				INFOPLIST_KEY_UIApplicationSupportsIndirectInputEvents = YES;
				INFOPLIST_KEY_UILaunchScreen_Generation = YES;
				INFOPLIST_KEY_UISupportedInterfaceOrientations_iPad = "UIInterfaceOrientationPortrait UIInterfaceOrientationPortraitUpsideDown UIInterfaceOrientationLandscapeLeft UIInterfaceOrientationLandscapeRight";
				INFOPLIST_KEY_UISupportedInterfaceOrientations_iPhone = "UIInterfaceOrientationPortrait UIInterfaceOrientationLandscapeLeft UIInterfaceOrientationLandscapeRight";
				LD_RUNPATH_SEARCH_PATHS = "$(inherited) @executable_path/Frameworks";
				MARKETING_VERSION = 1.0;
				PRODUCT_BUNDLE_IDENTIFIER = com.lh.SwiftUIPrefereceKey;
				PRODUCT_NAME = "$(TARGET_NAME)";
				SWIFT_EMIT_LOC_STRINGS = YES;
				SWIFT_VERSION = 5.0;
				TARGETED_DEVICE_FAMILY = "1,2";
			};
			name = Release;
		};
		2CD63B9B44778D83CC06F86A /* Debug */ = {
			isa = XCBuildConfiguration;
			buildSettings = {
				ALWAYS_SEARCH_USER_PATHS = NO;
				CLANG_ANALYZER_NONNULL = YES;
				CLANG_ANALYZER_NUMBER_OBJECT_CONVERSION = YES_AGGRESSIVE;
				CLANG_CXX_LANGUAGE_STANDARD = "gnu++17";
				CLANG_ENABLE_MODULES = YES;
				CLANG_ENABLE_OBJC_ARC = YES;
				CLANG_ENABLE_OBJC_WEAK = YES;
				CLANG_WARN_BLOCK_CAPTURE_AUTORELEASING = YES;
				CLANG_WARN_BOOL_CONVERSION = YES;
				CLANG_WARN_COMMA = YES;
				CLANG_WARN_CONSTANT_CONVERSION = YES;
				CLANG_WARN_DEPRECATED_OBJC_IMPLEMENTATIONS = YES;
				CLANG_WARN_DIRECT_OBJC_ISA_USAGE = YES_ERROR;
				CLANG_WARN_DOCUMENTATION_COMMENTS = YES;
				CLANG_WARN_EMPTY_BODY = YES;
				CLANG_WARN_ENUM_CONVERSION = YES;
				CLANG_WARN_INFINITE_RECURSION = YES;
				CLANG_WARN_INT_CONVERSION = YES;
				CLANG_WARN_NON_LITERAL_NULL_CONVERSION = YES;
				CLANG_WARN_OBJC_IMPLICIT_RETAIN_SELF = YES;
				CLANG_WARN_OBJC_LITERAL_CONVERSION = YES;
				CLANG_WARN_OBJC_ROOT_CLASS = YES_ERROR;
				CLANG_WARN_QUOTED_INCLUDE_IN_FRAMEWORK_HEADER = YES;
				CLANG_WARN_RANGE_LOOP_ANALYSIS = YES;
				CLANG_WARN_STRICT_PROTOTYPES = YES;
				CLANG_WARN_SUSPICIOUS_MOVE = YES;
				CLANG_WARN_UNGUARDED_AVAILABILITY = YES_AGGRESSIVE;
				CLANG_WARN_UNREACHABLE_CODE = YES;
				CLANG_WARN__DUPLICATE_METHOD_MATCH = YES;
				COPY_PHASE_STRIP = NO;
				DEBUG_INFORMATION_FORMAT = dwarf;
				ENABLE_STRICT_OBJC_MSGSEND = YES;
				ENABLE_TESTABILITY = YES;
				GCC_C_LANGUAGE_STANDARD = gnu11;
				GCC_DYNAMIC_NO_PIC = NO;
				GCC_NO_COMMON_BLOCKS = YES;
				GCC_OPTIMIZATION_LEVEL = 0;
				GCC_PREPROCESSOR_DEFINITIONS = (
					"DEBUG=1",
					"$(inherited)",
				);
				GCC_WARN_64_TO_32_BIT_CONVERSION = YES;
				GCC_WARN_ABOUT_RETURN_TYPE = YES_ERROR;
				GCC_WARN_UNDECLARED_SELECTOR = YES;
				GCC_WARN_UNINITIALIZED_AUTOS = YES_AGGRESSIVE;
				GCC_WARN_UNUSED_FUNCTION = YES;
				GCC_WARN_UNUSED_VARIABLE = YES;
				IPHONEOS_DEPLOYMENT_TARGET = 15.5;
				MTL_ENABLE_DEBUG_INFO = INCLUDE_SOURCE;
				MTL_FAST_MATH = YES;
				ONLY_ACTIVE_ARCH = YES;
				SDKROOT = iphoneos;
				SWIFT_ACTIVE_COMPILATION_CONDITIONS = DEBUG;
				SWIFT_OPTIMIZATION_LEVEL = "-Onone";
			};
			name = Debug;
		};
		2CD63E7BCCAB0FE42345D884 /* Debug */ = {
			isa = XCBuildConfiguration;
			buildSettings = {
				ASSETCATALOG_COMPILER_APPICON_NAME = AppIcon;
				ASSETCATALOG_COMPILER_GLOBAL_ACCENT_COLOR_NAME = AccentColor;
				CURRENT_PROJECT_VERSION = 1;
				DEVELOPMENT_ASSET_PATHS = "\"SwiftUIPrefereceKey/Preview Content\"";
				ENABLE_PREVIEWS = YES;
				GENERATE_INFOPLIST_FILE = YES;
				INFOPLIST_KEY_UIApplicationSceneManifest_Generation = YES;
				INFOPLIST_KEY_UIApplicationSupportsIndirectInputEvents = YES;
				INFOPLIST_KEY_UILaunchScreen_Generation = YES;
				INFOPLIST_KEY_UISupportedInterfaceOrientations_iPad = "UIInterfaceOrientationPortrait UIInterfaceOrientationPortraitUpsideDown UIInterfaceOrientationLandscapeLeft UIInterfaceOrientationLandscapeRight";
				INFOPLIST_KEY_UISupportedInterfaceOrientations_iPhone = "UIInterfaceOrientationPortrait UIInterfaceOrientationLandscapeLeft UIInterfaceOrientationLandscapeRight";
				LD_RUNPATH_SEARCH_PATHS = "$(inherited) @executable_path/Frameworks";
				MARKETING_VERSION = 1.0;
				PRODUCT_BUNDLE_IDENTIFIER = com.lh.SwiftUIPrefereceKey;
				PRODUCT_NAME = "$(TARGET_NAME)";
				SWIFT_EMIT_LOC_STRINGS = YES;
				SWIFT_VERSION = 5.0;
				TARGETED_DEVICE_FAMILY = "1,2";
			};
			name = Debug;
		};
/* End XCBuildConfiguration section */

/* Begin XCConfigurationList section */
		2CD631DA2492223F62570497 /* Build configuration list for PBXProject "SwiftUIPrefereceKey" */ = {
			isa = XCConfigurationList;
			buildConfigurations = (
				2CD63B9B44778D83CC06F86A /* Debug */,
				2CD6329E99A0F2C26735BE44 /* Release */,
			);
			defaultConfigurationIsVisible = 0;
			defaultConfigurationName = Release;
		};
		2CD636786B88C946A90C6B65 /* Build configuration list for PBXNativeTarget "SwiftUIPrefereceKey" */ = {
			isa = XCConfigurationList;
			buildConfigurations = (
				2CD63E7BCCAB0FE42345D884 /* Debug */,
				2CD6378790FB66098FF61E94 /* Release */,
			);
			defaultConfigurationIsVisible = 0;
		};
/* End XCConfigurationList section */
	};
	rootObject = 2CD63A071CE33DAEEF8F5BEB /* Project object */;
}
