// !$*UTF8*$!
{
	archiveVersion = 1;
	classes = {
	};
	objectVersion = 50;
	objects = {

/* Begin PBXBuildFile section */
		CB5CE65A24CE7AAF006C614E /* AppDelegate.swift in Sources */ = {isa = PBXBuildFile; fileRef = CB5CE65924CE7AAF006C614E /* AppDelegate.swift */; };
		CB5CE65C24CE7AAF006C614E /* SceneDelegate.swift in Sources */ = {isa = PBXBuildFile; fileRef = CB5CE65B24CE7AAF006C614E /* SceneDelegate.swift */; };
		CB5CE65E24CE7AAF006C614E /* ContentView.swift in Sources */ = {isa = PBXBuildFile; fileRef = CB5CE65D24CE7AAF006C614E /* ContentView.swift */; };
		CB5CE66024CE7AB1006C614E /* Assets.xcassets in Resources */ = {isa = PBXBuildFile; fileRef = CB5CE65F24CE7AB1006C614E /* Assets.xcassets */; };
		CB5CE66324CE7AB1006C614E /* Preview Assets.xcassets in Resources */ = {isa = PBXBuildFile; fileRef = CB5CE66224CE7AB1006C614E /* Preview Assets.xcassets */; };
		CB5CE66624CE7AB1006C614E /* LaunchScreen.storyboard in Resources */ = {isa = PBXBuildFile; fileRef = CB5CE66424CE7AB1006C614E /* LaunchScreen.storyboard */; };
/* End PBXBuildFile section */

/* Begin PBXFileReference section */
		CB5CE65624CE7AAF006C614E /* Day13_3 SwiftUI(Toggle).app */ = {isa = PBXFileReference; explicitFileType = wrapper.application; includeInIndex = 0; path = "Day13_3 SwiftUI(Toggle).app"; sourceTree = BUILT_PRODUCTS_DIR; };
		CB5CE65924CE7AAF006C614E /* AppDelegate.swift */ = {isa = PBXFileReference; lastKnownFileType = sourcecode.swift; path = AppDelegate.swift; sourceTree = "<group>"; };
		CB5CE65B24CE7AAF006C614E /* SceneDelegate.swift */ = {isa = PBXFileReference; lastKnownFileType = sourcecode.swift; path = SceneDelegate.swift; sourceTree = "<group>"; };
		CB5CE65D24CE7AAF006C614E /* ContentView.swift */ = {isa = PBXFileReference; lastKnownFileType = sourcecode.swift; path = ContentView.swift; sourceTree = "<group>"; };
		CB5CE65F24CE7AB1006C614E /* Assets.xcassets */ = {isa = PBXFileReference; lastKnownFileType = folder.assetcatalog; path = Assets.xcassets; sourceTree = "<group>"; };
		CB5CE66224CE7AB1006C614E /* Preview Assets.xcassets */ = {isa = PBXFileReference; lastKnownFileType = folder.assetcatalog; path = "Preview Assets.xcassets"; sourceTree = "<group>"; };
		CB5CE66524CE7AB1006C614E /* Base */ = {isa = PBXFileReference; lastKnownFileType = file.storyboard; name = Base; path = Base.lproj/LaunchScreen.storyboard; sourceTree = "<group>"; };
		CB5CE66724CE7AB1006C614E /* Info.plist */ = {isa = PBXFileReference; lastKnownFileType = text.plist.xml; path = Info.plist; sourceTree = "<group>"; };
/* End PBXFileReference section */

/* Begin PBXFrameworksBuildPhase section */
		CB5CE65324CE7AAF006C614E /* Frameworks */ = {
			isa = PBXFrameworksBuildPhase;
			buildActionMask = 2147483647;
			files = (
			);
			runOnlyForDeploymentPostprocessing = 0;
		};
/* End PBXFrameworksBuildPhase section */

/* Begin PBXGroup section */
		CB5CE64D24CE7AAF006C614E = {
			isa = PBXGroup;
			children = (
				CB5CE65824CE7AAF006C614E /* Day13_3 SwiftUI(Toggle) */,
				CB5CE65724CE7AAF006C614E /* Products */,
			);
			sourceTree = "<group>";
		};
		CB5CE65724CE7AAF006C614E /* Products */ = {
			isa = PBXGroup;
			children = (
				CB5CE65624CE7AAF006C614E /* Day13_3 SwiftUI(Toggle).app */,
			);
			name = Products;
			sourceTree = "<group>";
		};
		CB5CE65824CE7AAF006C614E /* Day13_3 SwiftUI(Toggle) */ = {
			isa = PBXGroup;
			children = (
				CB5CE65924CE7AAF006C614E /* AppDelegate.swift */,
				CB5CE65B24CE7AAF006C614E /* SceneDelegate.swift */,
				CB5CE65D24CE7AAF006C614E /* ContentView.swift */,
				CB5CE65F24CE7AB1006C614E /* Assets.xcassets */,
				CB5CE66424CE7AB1006C614E /* LaunchScreen.storyboard */,
				CB5CE66724CE7AB1006C614E /* Info.plist */,
				CB5CE66124CE7AB1006C614E /* Preview Content */,
			);
			path = "Day13_3 SwiftUI(Toggle)";
			sourceTree = "<group>";
		};
		CB5CE66124CE7AB1006C614E /* Preview Content */ = {
			isa = PBXGroup;
			children = (
				CB5CE66224CE7AB1006C614E /* Preview Assets.xcassets */,
			);
			path = "Preview Content";
			sourceTree = "<group>";
		};
/* End PBXGroup section */

/* Begin PBXNativeTarget section */
		CB5CE65524CE7AAF006C614E /* Day13_3 SwiftUI(Toggle) */ = {
			isa = PBXNativeTarget;
			buildConfigurationList = CB5CE66A24CE7AB1006C614E /* Build configuration list for PBXNativeTarget "Day13_3 SwiftUI(Toggle)" */;
			buildPhases = (
				CB5CE65224CE7AAF006C614E /* Sources */,
				CB5CE65324CE7AAF006C614E /* Frameworks */,
				CB5CE65424CE7AAF006C614E /* Resources */,
			);
			buildRules = (
			);
			dependencies = (
			);
			name = "Day13_3 SwiftUI(Toggle)";
			productName = "Day13_3 SwiftUI(Toggle)";
			productReference = CB5CE65624CE7AAF006C614E /* Day13_3 SwiftUI(Toggle).app */;
			productType = "com.apple.product-type.application";
		};
/* End PBXNativeTarget section */

/* Begin PBXProject section */
		CB5CE64E24CE7AAF006C614E /* Project object */ = {
			isa = PBXProject;
			attributes = {
				LastSwiftUpdateCheck = 1160;
				LastUpgradeCheck = 1160;
				ORGANIZATIONNAME = "亿存";
				TargetAttributes = {
					CB5CE65524CE7AAF006C614E = {
						CreatedOnToolsVersion = 11.6;
					};
				};
			};
			buildConfigurationList = CB5CE65124CE7AAF006C614E /* Build configuration list for PBXProject "Day13_3 SwiftUI(Toggle)" */;
			compatibilityVersion = "Xcode 9.3";
			developmentRegion = en;
			hasScannedForEncodings = 0;
			knownRegions = (
				en,
				Base,
			);
			mainGroup = CB5CE64D24CE7AAF006C614E;
			productRefGroup = CB5CE65724CE7AAF006C614E /* Products */;
			projectDirPath = "";
			projectRoot = "";
			targets = (
				CB5CE65524CE7AAF006C614E /* Day13_3 SwiftUI(Toggle) */,
			);
		};
/* End PBXProject section */

/* Begin PBXResourcesBuildPhase section */
		CB5CE65424CE7AAF006C614E /* Resources */ = {
			isa = PBXResourcesBuildPhase;
			buildActionMask = 2147483647;
			files = (
				CB5CE66624CE7AB1006C614E /* LaunchScreen.storyboard in Resources */,
				CB5CE66324CE7AB1006C614E /* Preview Assets.xcassets in Resources */,
				CB5CE66024CE7AB1006C614E /* Assets.xcassets in Resources */,
			);
			runOnlyForDeploymentPostprocessing = 0;
		};
/* End PBXResourcesBuildPhase section */

/* Begin PBXSourcesBuildPhase section */
		CB5CE65224CE7AAF006C614E /* Sources */ = {
			isa = PBXSourcesBuildPhase;
			buildActionMask = 2147483647;
			files = (
				CB5CE65A24CE7AAF006C614E /* AppDelegate.swift in Sources */,
				CB5CE65C24CE7AAF006C614E /* SceneDelegate.swift in Sources */,
				CB5CE65E24CE7AAF006C614E /* ContentView.swift in Sources */,
			);
			runOnlyForDeploymentPostprocessing = 0;
		};
/* End PBXSourcesBuildPhase section */

/* Begin PBXVariantGroup section */
		CB5CE66424CE7AB1006C614E /* LaunchScreen.storyboard */ = {
			isa = PBXVariantGroup;
			children = (
				CB5CE66524CE7AB1006C614E /* Base */,
			);
			name = LaunchScreen.storyboard;
			sourceTree = "<group>";
		};
/* End PBXVariantGroup section */

/* Begin XCBuildConfiguration section */
		CB5CE66824CE7AB1006C614E /* Debug */ = {
			isa = XCBuildConfiguration;
			buildSettings = {
				ALWAYS_SEARCH_USER_PATHS = NO;
				CLANG_ANALYZER_NONNULL = YES;
				CLANG_ANALYZER_NUMBER_OBJECT_CONVERSION = YES_AGGRESSIVE;
				CLANG_CXX_LANGUAGE_STANDARD = "gnu++14";
				CLANG_CXX_LIBRARY = "libc++";
				CLANG_ENABLE_MODULES = YES;
				CLANG_ENABLE_OBJC_ARC = YES;
				CLANG_ENABLE_OBJC_WEAK = YES;
				CLANG_WARN_BLOCK_CAPTURE_AUTORELEASING = YES;
				CLANG_WARN_BOOL_CONVERSION = YES;
				CLANG_WARN_COMMA = YES;
				CLANG_WARN_CONSTANT_CONVERSION = YES;
				CLANG_WARN_DEPRECATED_OBJC_IMPLEMENTATIONS = YES;
				CLANG_WARN_DIRECT_OBJC_ISA_USAGE = YES_ERROR;
				CLANG_WARN_DOCUMENTATION_COMMENTS = YES;
				CLANG_WARN_EMPTY_BODY = YES;
				CLANG_WARN_ENUM_CONVERSION = YES;
				CLANG_WARN_INFINITE_RECURSION = YES;
				CLANG_WARN_INT_CONVERSION = YES;
				CLANG_WARN_NON_LITERAL_NULL_CONVERSION = YES;
				CLANG_WARN_OBJC_IMPLICIT_RETAIN_SELF = YES;
				CLANG_WARN_OBJC_LITERAL_CONVERSION = YES;
				CLANG_WARN_OBJC_ROOT_CLASS = YES_ERROR;
				CLANG_WARN_RANGE_LOOP_ANALYSIS = YES;
				CLANG_WARN_STRICT_PROTOTYPES = YES;
				CLANG_WARN_SUSPICIOUS_MOVE = YES;
				CLANG_WARN_UNGUARDED_AVAILABILITY = YES_AGGRESSIVE;
				CLANG_WARN_UNREACHABLE_CODE = YES;
				CLANG_WARN__DUPLICATE_METHOD_MATCH = YES;
				COPY_PHASE_STRIP = NO;
				DEBUG_INFORMATION_FORMAT = dwarf;
				ENABLE_STRICT_OBJC_MSGSEND = YES;
				ENABLE_TESTABILITY = YES;
				GCC_C_LANGUAGE_STANDARD = gnu11;
				GCC_DYNAMIC_NO_PIC = NO;
				GCC_NO_COMMON_BLOCKS = YES;
				GCC_OPTIMIZATION_LEVEL = 0;
				GCC_PREPROCESSOR_DEFINITIONS = (
					"DEBUG=1",
					"$(inherited)",
				);
				GCC_WARN_64_TO_32_BIT_CONVERSION = YES;
				GCC_WARN_ABOUT_RETURN_TYPE = YES_ERROR;
				GCC_WARN_UNDECLARED_SELECTOR = YES;
				GCC_WARN_UNINITIALIZED_AUTOS = YES_AGGRESSIVE;
				GCC_WARN_UNUSED_FUNCTION = YES;
				GCC_WARN_UNUSED_VARIABLE = YES;
				IPHONEOS_DEPLOYMENT_TARGET = 13.6;
				MTL_ENABLE_DEBUG_INFO = INCLUDE_SOURCE;
				MTL_FAST_MATH = YES;
				ONLY_ACTIVE_ARCH = YES;
				SDKROOT = iphoneos;
				SWIFT_ACTIVE_COMPILATION_CONDITIONS = DEBUG;
				SWIFT_OPTIMIZATION_LEVEL = "-Onone";
			};
			name = Debug;
		};
		CB5CE66924CE7AB1006C614E /* Release */ = {
			isa = XCBuildConfiguration;
			buildSettings = {
				ALWAYS_SEARCH_USER_PATHS = NO;
				CLANG_ANALYZER_NONNULL = YES;
				CLANG_ANALYZER_NUMBER_OBJECT_CONVERSION = YES_AGGRESSIVE;
				CLANG_CXX_LANGUAGE_STANDARD = "gnu++14";
				CLANG_CXX_LIBRARY = "libc++";
				CLANG_ENABLE_MODULES = YES;
				CLANG_ENABLE_OBJC_ARC = YES;
				CLANG_ENABLE_OBJC_WEAK = YES;
				CLANG_WARN_BLOCK_CAPTURE_AUTORELEASING = YES;
				CLANG_WARN_BOOL_CONVERSION = YES;
				CLANG_WARN_COMMA = YES;
				CLANG_WARN_CONSTANT_CONVERSION = YES;
				CLANG_WARN_DEPRECATED_OBJC_IMPLEMENTATIONS = YES;
				CLANG_WARN_DIRECT_OBJC_ISA_USAGE = YES_ERROR;
				CLANG_WARN_DOCUMENTATION_COMMENTS = YES;
				CLANG_WARN_EMPTY_BODY = YES;
				CLANG_WARN_ENUM_CONVERSION = YES;
				CLANG_WARN_INFINITE_RECURSION = YES;
				CLANG_WARN_INT_CONVERSION = YES;
				CLANG_WARN_NON_LITERAL_NULL_CONVERSION = YES;
				CLANG_WARN_OBJC_IMPLICIT_RETAIN_SELF = YES;
				CLANG_WARN_OBJC_LITERAL_CONVERSION = YES;
				CLANG_WARN_OBJC_ROOT_CLASS = YES_ERROR;
				CLANG_WARN_RANGE_LOOP_ANALYSIS = YES;
				CLANG_WARN_STRICT_PROTOTYPES = YES;
				CLANG_WARN_SUSPICIOUS_MOVE = YES;
				CLANG_WARN_UNGUARDED_AVAILABILITY = YES_AGGRESSIVE;
				CLANG_WARN_UNREACHABLE_CODE = YES;
				CLANG_WARN__DUPLICATE_METHOD_MATCH = YES;
				COPY_PHASE_STRIP = NO;
				DEBUG_INFORMATION_FORMAT = "dwarf-with-dsym";
				ENABLE_NS_ASSERTIONS = NO;
				ENABLE_STRICT_OBJC_MSGSEND = YES;
				GCC_C_LANGUAGE_STANDARD = gnu11;
				GCC_NO_COMMON_BLOCKS = YES;
				GCC_WARN_64_TO_32_BIT_CONVERSION = YES;
				GCC_WARN_ABOUT_RETURN_TYPE = YES_ERROR;
				GCC_WARN_UNDECLARED_SELECTOR = YES;
				GCC_WARN_UNINITIALIZED_AUTOS = YES_AGGRESSIVE;
				GCC_WARN_UNUSED_FUNCTION = YES;
				GCC_WARN_UNUSED_VARIABLE = YES;
				IPHONEOS_DEPLOYMENT_TARGET = 13.6;
				MTL_ENABLE_DEBUG_INFO = NO;
				MTL_FAST_MATH = YES;
				SDKROOT = iphoneos;
				SWIFT_COMPILATION_MODE = wholemodule;
				SWIFT_OPTIMIZATION_LEVEL = "-O";
				VALIDATE_PRODUCT = YES;
			};
			name = Release;
		};
		CB5CE66B24CE7AB1006C614E /* Debug */ = {
			isa = XCBuildConfiguration;
			buildSettings = {
				ASSETCATALOG_COMPILER_APPICON_NAME = AppIcon;
				CODE_SIGN_STYLE = Automatic;
				DEVELOPMENT_ASSET_PATHS = "\"Day13_3 SwiftUI(Toggle)/Preview Content\"";
				ENABLE_PREVIEWS = YES;
				INFOPLIST_FILE = "Day13_3 SwiftUI(Toggle)/Info.plist";
				LD_RUNPATH_SEARCH_PATHS = (
					"$(inherited)",
					"@executable_path/Frameworks",
				);
				PRODUCT_BUNDLE_IDENTIFIER = "HQ.Day13-3-SwiftUI-Toggle-";
				PRODUCT_NAME = "$(TARGET_NAME)";
				SWIFT_VERSION = 5.0;
				TARGETED_DEVICE_FAMILY = "1,2";
			};
			name = Debug;
		};
		CB5CE66C24CE7AB1006C614E /* Release */ = {
			isa = XCBuildConfiguration;
			buildSettings = {
				ASSETCATALOG_COMPILER_APPICON_NAME = AppIcon;
				CODE_SIGN_STYLE = Automatic;
				DEVELOPMENT_ASSET_PATHS = "\"Day13_3 SwiftUI(Toggle)/Preview Content\"";
				ENABLE_PREVIEWS = YES;
				INFOPLIST_FILE = "Day13_3 SwiftUI(Toggle)/Info.plist";
				LD_RUNPATH_SEARCH_PATHS = (
					"$(inherited)",
					"@executable_path/Frameworks",
				);
				PRODUCT_BUNDLE_IDENTIFIER = "HQ.Day13-3-SwiftUI-Toggle-";
				PRODUCT_NAME = "$(TARGET_NAME)";
				SWIFT_VERSION = 5.0;
				TARGETED_DEVICE_FAMILY = "1,2";
			};
			name = Release;
		};
/* End XCBuildConfiguration section */

/* Begin XCConfigurationList section */
		CB5CE65124CE7AAF006C614E /* Build configuration list for PBXProject "Day13_3 SwiftUI(Toggle)" */ = {
			isa = XCConfigurationList;
			buildConfigurations = (
				CB5CE66824CE7AB1006C614E /* Debug */,
				CB5CE66924CE7AB1006C614E /* Release */,
			);
			defaultConfigurationIsVisible = 0;
			defaultConfigurationName = Release;
		};
		CB5CE66A24CE7AB1006C614E /* Build configuration list for PBXNativeTarget "Day13_3 SwiftUI(Toggle)" */ = {
			isa = XCConfigurationList;
			buildConfigurations = (
				CB5CE66B24CE7AB1006C614E /* Debug */,
				CB5CE66C24CE7AB1006C614E /* Release */,
			);
			defaultConfigurationIsVisible = 0;
			defaultConfigurationName = Release;
		};
/* End XCConfigurationList section */
	};
	rootObject = CB5CE64E24CE7AAF006C614E /* Project object */;
}
