// !$*UTF8*$!
{
	archiveVersion = 1;
	classes = {
	};
	objectVersion = 55;
	objects = {

/* Begin PBXBuildFile section */
		9D06B3932837576E00EEDD19 /* AppDelegate.swift in Sources */ = {isa = PBXBuildFile; fileRef = 9D06B3922837576E00EEDD19 /* AppDelegate.swift */; };
		9D06B3952837576E00EEDD19 /* SceneDelegate.swift in Sources */ = {isa = PBXBuildFile; fileRef = 9D06B3942837576E00EEDD19 /* SceneDelegate.swift */; };
		9D06B3972837576E00EEDD19 /* ViewController.swift in Sources */ = {isa = PBXBuildFile; fileRef = 9D06B3962837576E00EEDD19 /* ViewController.swift */; };
		9D06B39A2837576E00EEDD19 /* Main.storyboard in Resources */ = {isa = PBXBuildFile; fileRef = 9D06B3982837576E00EEDD19 /* Main.storyboard */; };
		9D06B39C2837577000EEDD19 /* Assets.xcassets in Resources */ = {isa = PBXBuildFile; fileRef = 9D06B39B2837577000EEDD19 /* Assets.xcassets */; };
		9D06B39F2837577000EEDD19 /* LaunchScreen.storyboard in Resources */ = {isa = PBXBuildFile; fileRef = 9D06B39D2837577000EEDD19 /* LaunchScreen.storyboard */; };
		9D06B3A7283758B600EEDD19 /* Base.swift in Sources */ = {isa = PBXBuildFile; fileRef = 9D06B3A6283758B600EEDD19 /* Base.swift */; };
		9D1B073C28C6F0C8002ED38F /* 04AsyncStream.swift in Sources */ = {isa = PBXBuildFile; fileRef = 9D1B073B28C6F0C8002ED38F /* 04AsyncStream.swift */; };
		9D33298628C89E2D003447D0 /* 05异步序列和响应式编程.swift in Sources */ = {isa = PBXBuildFile; fileRef = 9D33298528C89E2D003447D0 /* 05异步序列和响应式编程.swift */; };
		9D33298928C8A2E8003447D0 /* 01网络请求中的异步函数.swift in Sources */ = {isa = PBXBuildFile; fileRef = 9D33298828C8A2E8003447D0 /* 01网络请求中的异步函数.swift */; };
		9D33298B28C8B069003447D0 /* 02Notification.swift in Sources */ = {isa = PBXBuildFile; fileRef = 9D33298A28C8B069003447D0 /* 02Notification.swift */; };
		9D33298D28C8C120003447D0 /* 03异步函数的运行环境.swift in Sources */ = {isa = PBXBuildFile; fileRef = 9D33298C28C8C120003447D0 /* 03异步函数的运行环境.swift */; };
		9D33299028C8C438003447D0 /* 01基于Task的结构化并发模型.swift in Sources */ = {isa = PBXBuildFile; fileRef = 9D33298F28C8C438003447D0 /* 01基于Task的结构化并发模型.swift */; };
		9D53422428C9CBB3001649BD /* 02非结构化任务.swift in Sources */ = {isa = PBXBuildFile; fileRef = 9D53422328C9CBB3001649BD /* 02非结构化任务.swift */; };
		9D5CB0EE28C5CD32007D36D5 /* 01同步和异步.swift in Sources */ = {isa = PBXBuildFile; fileRef = 9D5CB0ED28C5CD32007D36D5 /* 01同步和异步.swift */; };
		9D5CB0F028C5CF4D007D36D5 /* 02异步函数.swift in Sources */ = {isa = PBXBuildFile; fileRef = 9D5CB0EF28C5CF4D007D36D5 /* 02异步函数.swift */; };
		9D5CB0F228C5D12F007D36D5 /* 03结构化并发.swift in Sources */ = {isa = PBXBuildFile; fileRef = 9D5CB0F128C5D12F007D36D5 /* 03结构化并发.swift */; };
		9D5CB0F428C5DB44007D36D5 /* 04Actor模型和数据隔离.swift in Sources */ = {isa = PBXBuildFile; fileRef = 9D5CB0F328C5DB44007D36D5 /* 04Actor模型和数据隔离.swift */; };
		9D5CB0F728C5DE5C007D36D5 /* 01异步函数动机.swift in Sources */ = {isa = PBXBuildFile; fileRef = 9D5CB0F628C5DE5C007D36D5 /* 01异步函数动机.swift */; };
		9D5CB0F928C5DFAF007D36D5 /* 02转换函数签名.swift in Sources */ = {isa = PBXBuildFile; fileRef = 9D5CB0F828C5DFAF007D36D5 /* 02转换函数签名.swift */; };
		9D5CB0FB28C5E303007D36D5 /* 03使用续体改写函数.swift in Sources */ = {isa = PBXBuildFile; fileRef = 9D5CB0FA28C5E303007D36D5 /* 03使用续体改写函数.swift */; };
		9D5CB0FD28C5E5DA007D36D5 /* 05Async_Getter.swift in Sources */ = {isa = PBXBuildFile; fileRef = 9D5CB0FC28C5E5DA007D36D5 /* 05Async_Getter.swift */; };
		9D5CB10028C5ED00007D36D5 /* 01同步序列和异步序列.swift in Sources */ = {isa = PBXBuildFile; fileRef = 9D5CB0FF28C5ED00007D36D5 /* 01同步序列和异步序列.swift */; };
		9D5CB10228C5EF2D007D36D5 /* 02异步迭代器.swift in Sources */ = {isa = PBXBuildFile; fileRef = 9D5CB10128C5EF2D007D36D5 /* 02异步迭代器.swift */; };
		9D5CB10428C5F2CE007D36D5 /* 03操作异步序列.swift in Sources */ = {isa = PBXBuildFile; fileRef = 9D5CB10328C5F2CE007D36D5 /* 03操作异步序列.swift */; };
		9DDEEF292925D2E60087D6C3 /* Swift中的actor和隔离检查.swift in Sources */ = {isa = PBXBuildFile; fileRef = 9DDEEF282925D2E60087D6C3 /* Swift中的actor和隔离检查.swift */; };
		9DDEEF2C292604D10087D6C3 /* 全局actor.swift in Sources */ = {isa = PBXBuildFile; fileRef = 9DDEEF2B292604D10087D6C3 /* 全局actor.swift */; };
/* End PBXBuildFile section */

/* Begin PBXFileReference section */
		9D06B38F2837576E00EEDD19 /* Swift_Async.app */ = {isa = PBXFileReference; explicitFileType = wrapper.application; includeInIndex = 0; path = Swift_Async.app; sourceTree = BUILT_PRODUCTS_DIR; };
		9D06B3922837576E00EEDD19 /* AppDelegate.swift */ = {isa = PBXFileReference; lastKnownFileType = sourcecode.swift; path = AppDelegate.swift; sourceTree = "<group>"; };
		9D06B3942837576E00EEDD19 /* SceneDelegate.swift */ = {isa = PBXFileReference; lastKnownFileType = sourcecode.swift; path = SceneDelegate.swift; sourceTree = "<group>"; };
		9D06B3962837576E00EEDD19 /* ViewController.swift */ = {isa = PBXFileReference; lastKnownFileType = sourcecode.swift; path = ViewController.swift; sourceTree = "<group>"; };
		9D06B3992837576E00EEDD19 /* Base */ = {isa = PBXFileReference; lastKnownFileType = file.storyboard; name = Base; path = Base.lproj/Main.storyboard; sourceTree = "<group>"; };
		9D06B39B2837577000EEDD19 /* Assets.xcassets */ = {isa = PBXFileReference; lastKnownFileType = folder.assetcatalog; path = Assets.xcassets; sourceTree = "<group>"; };
		9D06B39E2837577000EEDD19 /* Base */ = {isa = PBXFileReference; lastKnownFileType = file.storyboard; name = Base; path = Base.lproj/LaunchScreen.storyboard; sourceTree = "<group>"; };
		9D06B3A02837577000EEDD19 /* Info.plist */ = {isa = PBXFileReference; lastKnownFileType = text.plist.xml; path = Info.plist; sourceTree = "<group>"; };
		9D06B3A6283758B600EEDD19 /* Base.swift */ = {isa = PBXFileReference; lastKnownFileType = sourcecode.swift; path = Base.swift; sourceTree = "<group>"; };
		9D1B073B28C6F0C8002ED38F /* 04AsyncStream.swift */ = {isa = PBXFileReference; lastKnownFileType = sourcecode.swift; path = 04AsyncStream.swift; sourceTree = "<group>"; };
		9D33298528C89E2D003447D0 /* 05异步序列和响应式编程.swift */ = {isa = PBXFileReference; lastKnownFileType = sourcecode.swift; path = "05异步序列和响应式编程.swift"; sourceTree = "<group>"; };
		9D33298828C8A2E8003447D0 /* 01网络请求中的异步函数.swift */ = {isa = PBXFileReference; lastKnownFileType = sourcecode.swift; path = "01网络请求中的异步函数.swift"; sourceTree = "<group>"; };
		9D33298A28C8B069003447D0 /* 02Notification.swift */ = {isa = PBXFileReference; lastKnownFileType = sourcecode.swift; path = 02Notification.swift; sourceTree = "<group>"; };
		9D33298C28C8C120003447D0 /* 03异步函数的运行环境.swift */ = {isa = PBXFileReference; lastKnownFileType = sourcecode.swift; path = "03异步函数的运行环境.swift"; sourceTree = "<group>"; };
		9D33298F28C8C438003447D0 /* 01基于Task的结构化并发模型.swift */ = {isa = PBXFileReference; lastKnownFileType = sourcecode.swift; path = "01基于Task的结构化并发模型.swift"; sourceTree = "<group>"; };
		9D53422328C9CBB3001649BD /* 02非结构化任务.swift */ = {isa = PBXFileReference; lastKnownFileType = sourcecode.swift; path = "02非结构化任务.swift"; sourceTree = "<group>"; };
		9D5CB0ED28C5CD32007D36D5 /* 01同步和异步.swift */ = {isa = PBXFileReference; lastKnownFileType = sourcecode.swift; path = "01同步和异步.swift"; sourceTree = "<group>"; };
		9D5CB0EF28C5CF4D007D36D5 /* 02异步函数.swift */ = {isa = PBXFileReference; lastKnownFileType = sourcecode.swift; path = "02异步函数.swift"; sourceTree = "<group>"; };
		9D5CB0F128C5D12F007D36D5 /* 03结构化并发.swift */ = {isa = PBXFileReference; lastKnownFileType = sourcecode.swift; path = "03结构化并发.swift"; sourceTree = "<group>"; };
		9D5CB0F328C5DB44007D36D5 /* 04Actor模型和数据隔离.swift */ = {isa = PBXFileReference; lastKnownFileType = sourcecode.swift; path = "04Actor模型和数据隔离.swift"; sourceTree = "<group>"; };
		9D5CB0F628C5DE5C007D36D5 /* 01异步函数动机.swift */ = {isa = PBXFileReference; lastKnownFileType = sourcecode.swift; path = "01异步函数动机.swift"; sourceTree = "<group>"; };
		9D5CB0F828C5DFAF007D36D5 /* 02转换函数签名.swift */ = {isa = PBXFileReference; lastKnownFileType = sourcecode.swift; path = "02转换函数签名.swift"; sourceTree = "<group>"; };
		9D5CB0FA28C5E303007D36D5 /* 03使用续体改写函数.swift */ = {isa = PBXFileReference; lastKnownFileType = sourcecode.swift; path = "03使用续体改写函数.swift"; sourceTree = "<group>"; };
		9D5CB0FC28C5E5DA007D36D5 /* 05Async_Getter.swift */ = {isa = PBXFileReference; lastKnownFileType = sourcecode.swift; path = 05Async_Getter.swift; sourceTree = "<group>"; };
		9D5CB0FF28C5ED00007D36D5 /* 01同步序列和异步序列.swift */ = {isa = PBXFileReference; lastKnownFileType = sourcecode.swift; path = "01同步序列和异步序列.swift"; sourceTree = "<group>"; };
		9D5CB10128C5EF2D007D36D5 /* 02异步迭代器.swift */ = {isa = PBXFileReference; lastKnownFileType = sourcecode.swift; path = "02异步迭代器.swift"; sourceTree = "<group>"; };
		9D5CB10328C5F2CE007D36D5 /* 03操作异步序列.swift */ = {isa = PBXFileReference; lastKnownFileType = sourcecode.swift; path = "03操作异步序列.swift"; sourceTree = "<group>"; };
		9DDEEF282925D2E60087D6C3 /* Swift中的actor和隔离检查.swift */ = {isa = PBXFileReference; lastKnownFileType = sourcecode.swift; path = "Swift中的actor和隔离检查.swift"; sourceTree = "<group>"; };
		9DDEEF2B292604D10087D6C3 /* 全局actor.swift */ = {isa = PBXFileReference; lastKnownFileType = sourcecode.swift; path = "全局actor.swift"; sourceTree = "<group>"; };
/* End PBXFileReference section */

/* Begin PBXFrameworksBuildPhase section */
		9D06B38C2837576E00EEDD19 /* Frameworks */ = {
			isa = PBXFrameworksBuildPhase;
			buildActionMask = 2147483647;
			files = (
			);
			runOnlyForDeploymentPostprocessing = 0;
		};
/* End PBXFrameworksBuildPhase section */

/* Begin PBXGroup section */
		9D06B3862837576E00EEDD19 = {
			isa = PBXGroup;
			children = (
				9D06B3912837576E00EEDD19 /* Swift_Async */,
				9D06B3902837576E00EEDD19 /* Products */,
			);
			sourceTree = "<group>";
		};
		9D06B3902837576E00EEDD19 /* Products */ = {
			isa = PBXGroup;
			children = (
				9D06B38F2837576E00EEDD19 /* Swift_Async.app */,
			);
			name = Products;
			sourceTree = "<group>";
		};
		9D06B3912837576E00EEDD19 /* Swift_Async */ = {
			isa = PBXGroup;
			children = (
				9DDEEF2A292604B20087D6C3 /* 全局 actor可重入和Sendable */,
				9DDEEF272925D2AF0087D6C3 /* actor模型和数据隔离 */,
				9D33298E28C8C341003447D0 /* 结构化并发 */,
				9D33298728C8A2C8003447D0 /* 使用异步函数 */,
				9D5CB0FE28C5E7A0007D36D5 /* 异步序列 */,
				9D5CB0F528C5DE41007D36D5 /* 创建异步函数 */,
				9D5CB0EC28C5CD05007D36D5 /* Swift并发初步 */,
				9D06B3922837576E00EEDD19 /* AppDelegate.swift */,
				9D06B3942837576E00EEDD19 /* SceneDelegate.swift */,
				9D06B3962837576E00EEDD19 /* ViewController.swift */,
				9D06B3A6283758B600EEDD19 /* Base.swift */,
				9D06B3982837576E00EEDD19 /* Main.storyboard */,
				9D06B39B2837577000EEDD19 /* Assets.xcassets */,
				9D06B39D2837577000EEDD19 /* LaunchScreen.storyboard */,
				9D06B3A02837577000EEDD19 /* Info.plist */,
			);
			path = Swift_Async;
			sourceTree = "<group>";
		};
		9D33298728C8A2C8003447D0 /* 使用异步函数 */ = {
			isa = PBXGroup;
			children = (
				9D33298828C8A2E8003447D0 /* 01网络请求中的异步函数.swift */,
				9D33298A28C8B069003447D0 /* 02Notification.swift */,
				9D33298C28C8C120003447D0 /* 03异步函数的运行环境.swift */,
			);
			path = "使用异步函数";
			sourceTree = "<group>";
		};
		9D33298E28C8C341003447D0 /* 结构化并发 */ = {
			isa = PBXGroup;
			children = (
				9D33298F28C8C438003447D0 /* 01基于Task的结构化并发模型.swift */,
				9D53422328C9CBB3001649BD /* 02非结构化任务.swift */,
			);
			path = "结构化并发";
			sourceTree = "<group>";
		};
		9D5CB0EC28C5CD05007D36D5 /* Swift并发初步 */ = {
			isa = PBXGroup;
			children = (
				9D5CB0ED28C5CD32007D36D5 /* 01同步和异步.swift */,
				9D5CB0EF28C5CF4D007D36D5 /* 02异步函数.swift */,
				9D5CB0F128C5D12F007D36D5 /* 03结构化并发.swift */,
				9D5CB0F328C5DB44007D36D5 /* 04Actor模型和数据隔离.swift */,
			);
			path = "Swift并发初步";
			sourceTree = "<group>";
		};
		9D5CB0F528C5DE41007D36D5 /* 创建异步函数 */ = {
			isa = PBXGroup;
			children = (
				9D5CB0F628C5DE5C007D36D5 /* 01异步函数动机.swift */,
				9D5CB0F828C5DFAF007D36D5 /* 02转换函数签名.swift */,
				9D5CB0FA28C5E303007D36D5 /* 03使用续体改写函数.swift */,
				9D5CB0FC28C5E5DA007D36D5 /* 05Async_Getter.swift */,
			);
			path = "创建异步函数";
			sourceTree = "<group>";
		};
		9D5CB0FE28C5E7A0007D36D5 /* 异步序列 */ = {
			isa = PBXGroup;
			children = (
				9D5CB0FF28C5ED00007D36D5 /* 01同步序列和异步序列.swift */,
				9D5CB10128C5EF2D007D36D5 /* 02异步迭代器.swift */,
				9D5CB10328C5F2CE007D36D5 /* 03操作异步序列.swift */,
				9D1B073B28C6F0C8002ED38F /* 04AsyncStream.swift */,
				9D33298528C89E2D003447D0 /* 05异步序列和响应式编程.swift */,
			);
			path = "异步序列";
			sourceTree = "<group>";
		};
		9DDEEF272925D2AF0087D6C3 /* actor模型和数据隔离 */ = {
			isa = PBXGroup;
			children = (
				9DDEEF282925D2E60087D6C3 /* Swift中的actor和隔离检查.swift */,
			);
			path = "actor模型和数据隔离";
			sourceTree = "<group>";
		};
		9DDEEF2A292604B20087D6C3 /* 全局 actor可重入和Sendable */ = {
			isa = PBXGroup;
			children = (
				9DDEEF2B292604D10087D6C3 /* 全局actor.swift */,
			);
			path = "全局 actor可重入和Sendable";
			sourceTree = "<group>";
		};
/* End PBXGroup section */

/* Begin PBXNativeTarget section */
		9D06B38E2837576E00EEDD19 /* Swift_Async */ = {
			isa = PBXNativeTarget;
			buildConfigurationList = 9D06B3A32837577000EEDD19 /* Build configuration list for PBXNativeTarget "Swift_Async" */;
			buildPhases = (
				9D06B38B2837576E00EEDD19 /* Sources */,
				9D06B38C2837576E00EEDD19 /* Frameworks */,
				9D06B38D2837576E00EEDD19 /* Resources */,
			);
			buildRules = (
			);
			dependencies = (
			);
			name = Swift_Async;
			productName = Swift_Async;
			productReference = 9D06B38F2837576E00EEDD19 /* Swift_Async.app */;
			productType = "com.apple.product-type.application";
		};
/* End PBXNativeTarget section */

/* Begin PBXProject section */
		9D06B3872837576E00EEDD19 /* Project object */ = {
			isa = PBXProject;
			attributes = {
				BuildIndependentTargetsInParallel = 1;
				LastSwiftUpdateCheck = 1330;
				LastUpgradeCheck = 1330;
				TargetAttributes = {
					9D06B38E2837576E00EEDD19 = {
						CreatedOnToolsVersion = 13.3.1;
					};
				};
			};
			buildConfigurationList = 9D06B38A2837576E00EEDD19 /* Build configuration list for PBXProject "Swift_Async" */;
			compatibilityVersion = "Xcode 13.0";
			developmentRegion = en;
			hasScannedForEncodings = 0;
			knownRegions = (
				en,
				Base,
			);
			mainGroup = 9D06B3862837576E00EEDD19;
			productRefGroup = 9D06B3902837576E00EEDD19 /* Products */;
			projectDirPath = "";
			projectRoot = "";
			targets = (
				9D06B38E2837576E00EEDD19 /* Swift_Async */,
			);
		};
/* End PBXProject section */

/* Begin PBXResourcesBuildPhase section */
		9D06B38D2837576E00EEDD19 /* Resources */ = {
			isa = PBXResourcesBuildPhase;
			buildActionMask = 2147483647;
			files = (
				9D06B39F2837577000EEDD19 /* LaunchScreen.storyboard in Resources */,
				9D06B39C2837577000EEDD19 /* Assets.xcassets in Resources */,
				9D06B39A2837576E00EEDD19 /* Main.storyboard in Resources */,
			);
			runOnlyForDeploymentPostprocessing = 0;
		};
/* End PBXResourcesBuildPhase section */

/* Begin PBXSourcesBuildPhase section */
		9D06B38B2837576E00EEDD19 /* Sources */ = {
			isa = PBXSourcesBuildPhase;
			buildActionMask = 2147483647;
			files = (
				9DDEEF292925D2E60087D6C3 /* Swift中的actor和隔离检查.swift in Sources */,
				9D06B3A7283758B600EEDD19 /* Base.swift in Sources */,
				9D5CB10428C5F2CE007D36D5 /* 03操作异步序列.swift in Sources */,
				9D5CB0F428C5DB44007D36D5 /* 04Actor模型和数据隔离.swift in Sources */,
				9D06B3972837576E00EEDD19 /* ViewController.swift in Sources */,
				9D06B3932837576E00EEDD19 /* AppDelegate.swift in Sources */,
				9D5CB0F028C5CF4D007D36D5 /* 02异步函数.swift in Sources */,
				9D33299028C8C438003447D0 /* 01基于Task的结构化并发模型.swift in Sources */,
				9D33298B28C8B069003447D0 /* 02Notification.swift in Sources */,
				9DDEEF2C292604D10087D6C3 /* 全局actor.swift in Sources */,
				9D5CB0EE28C5CD32007D36D5 /* 01同步和异步.swift in Sources */,
				9D06B3952837576E00EEDD19 /* SceneDelegate.swift in Sources */,
				9D5CB10228C5EF2D007D36D5 /* 02异步迭代器.swift in Sources */,
				9D5CB0F928C5DFAF007D36D5 /* 02转换函数签名.swift in Sources */,
				9D53422428C9CBB3001649BD /* 02非结构化任务.swift in Sources */,
				9D33298628C89E2D003447D0 /* 05异步序列和响应式编程.swift in Sources */,
				9D33298928C8A2E8003447D0 /* 01网络请求中的异步函数.swift in Sources */,
				9D33298D28C8C120003447D0 /* 03异步函数的运行环境.swift in Sources */,
				9D5CB0FD28C5E5DA007D36D5 /* 05Async_Getter.swift in Sources */,
				9D5CB0FB28C5E303007D36D5 /* 03使用续体改写函数.swift in Sources */,
				9D1B073C28C6F0C8002ED38F /* 04AsyncStream.swift in Sources */,
				9D5CB0F228C5D12F007D36D5 /* 03结构化并发.swift in Sources */,
				9D5CB0F728C5DE5C007D36D5 /* 01异步函数动机.swift in Sources */,
				9D5CB10028C5ED00007D36D5 /* 01同步序列和异步序列.swift in Sources */,
			);
			runOnlyForDeploymentPostprocessing = 0;
		};
/* End PBXSourcesBuildPhase section */

/* Begin PBXVariantGroup section */
		9D06B3982837576E00EEDD19 /* Main.storyboard */ = {
			isa = PBXVariantGroup;
			children = (
				9D06B3992837576E00EEDD19 /* Base */,
			);
			name = Main.storyboard;
			sourceTree = "<group>";
		};
		9D06B39D2837577000EEDD19 /* LaunchScreen.storyboard */ = {
			isa = PBXVariantGroup;
			children = (
				9D06B39E2837577000EEDD19 /* Base */,
			);
			name = LaunchScreen.storyboard;
			sourceTree = "<group>";
		};
/* End PBXVariantGroup section */

/* Begin XCBuildConfiguration section */
		9D06B3A12837577000EEDD19 /* Debug */ = {
			isa = XCBuildConfiguration;
			buildSettings = {
				ALWAYS_SEARCH_USER_PATHS = NO;
				CLANG_ANALYZER_NONNULL = YES;
				CLANG_ANALYZER_NUMBER_OBJECT_CONVERSION = YES_AGGRESSIVE;
				CLANG_CXX_LANGUAGE_STANDARD = "gnu++17";
				CLANG_ENABLE_MODULES = YES;
				CLANG_ENABLE_OBJC_ARC = YES;
				CLANG_ENABLE_OBJC_WEAK = YES;
				CLANG_WARN_BLOCK_CAPTURE_AUTORELEASING = YES;
				CLANG_WARN_BOOL_CONVERSION = YES;
				CLANG_WARN_COMMA = YES;
				CLANG_WARN_CONSTANT_CONVERSION = YES;
				CLANG_WARN_DEPRECATED_OBJC_IMPLEMENTATIONS = YES;
				CLANG_WARN_DIRECT_OBJC_ISA_USAGE = YES_ERROR;
				CLANG_WARN_DOCUMENTATION_COMMENTS = YES;
				CLANG_WARN_EMPTY_BODY = YES;
				CLANG_WARN_ENUM_CONVERSION = YES;
				CLANG_WARN_INFINITE_RECURSION = YES;
				CLANG_WARN_INT_CONVERSION = YES;
				CLANG_WARN_NON_LITERAL_NULL_CONVERSION = YES;
				CLANG_WARN_OBJC_IMPLICIT_RETAIN_SELF = YES;
				CLANG_WARN_OBJC_LITERAL_CONVERSION = YES;
				CLANG_WARN_OBJC_ROOT_CLASS = YES_ERROR;
				CLANG_WARN_QUOTED_INCLUDE_IN_FRAMEWORK_HEADER = YES;
				CLANG_WARN_RANGE_LOOP_ANALYSIS = YES;
				CLANG_WARN_STRICT_PROTOTYPES = YES;
				CLANG_WARN_SUSPICIOUS_MOVE = YES;
				CLANG_WARN_UNGUARDED_AVAILABILITY = YES_AGGRESSIVE;
				CLANG_WARN_UNREACHABLE_CODE = YES;
				CLANG_WARN__DUPLICATE_METHOD_MATCH = YES;
				COPY_PHASE_STRIP = NO;
				DEBUG_INFORMATION_FORMAT = dwarf;
				ENABLE_STRICT_OBJC_MSGSEND = YES;
				ENABLE_TESTABILITY = YES;
				GCC_C_LANGUAGE_STANDARD = gnu11;
				GCC_DYNAMIC_NO_PIC = NO;
				GCC_NO_COMMON_BLOCKS = YES;
				GCC_OPTIMIZATION_LEVEL = 0;
				GCC_PREPROCESSOR_DEFINITIONS = (
					"DEBUG=1",
					"$(inherited)",
				);
				GCC_WARN_64_TO_32_BIT_CONVERSION = YES;
				GCC_WARN_ABOUT_RETURN_TYPE = YES_ERROR;
				GCC_WARN_UNDECLARED_SELECTOR = YES;
				GCC_WARN_UNINITIALIZED_AUTOS = YES_AGGRESSIVE;
				GCC_WARN_UNUSED_FUNCTION = YES;
				GCC_WARN_UNUSED_VARIABLE = YES;
				IPHONEOS_DEPLOYMENT_TARGET = 15.4;
				MTL_ENABLE_DEBUG_INFO = INCLUDE_SOURCE;
				MTL_FAST_MATH = YES;
				ONLY_ACTIVE_ARCH = YES;
				SDKROOT = iphoneos;
				SWIFT_ACTIVE_COMPILATION_CONDITIONS = DEBUG;
				SWIFT_OPTIMIZATION_LEVEL = "-Onone";
			};
			name = Debug;
		};
		9D06B3A22837577000EEDD19 /* Release */ = {
			isa = XCBuildConfiguration;
			buildSettings = {
				ALWAYS_SEARCH_USER_PATHS = NO;
				CLANG_ANALYZER_NONNULL = YES;
				CLANG_ANALYZER_NUMBER_OBJECT_CONVERSION = YES_AGGRESSIVE;
				CLANG_CXX_LANGUAGE_STANDARD = "gnu++17";
				CLANG_ENABLE_MODULES = YES;
				CLANG_ENABLE_OBJC_ARC = YES;
				CLANG_ENABLE_OBJC_WEAK = YES;
				CLANG_WARN_BLOCK_CAPTURE_AUTORELEASING = YES;
				CLANG_WARN_BOOL_CONVERSION = YES;
				CLANG_WARN_COMMA = YES;
				CLANG_WARN_CONSTANT_CONVERSION = YES;
				CLANG_WARN_DEPRECATED_OBJC_IMPLEMENTATIONS = YES;
				CLANG_WARN_DIRECT_OBJC_ISA_USAGE = YES_ERROR;
				CLANG_WARN_DOCUMENTATION_COMMENTS = YES;
				CLANG_WARN_EMPTY_BODY = YES;
				CLANG_WARN_ENUM_CONVERSION = YES;
				CLANG_WARN_INFINITE_RECURSION = YES;
				CLANG_WARN_INT_CONVERSION = YES;
				CLANG_WARN_NON_LITERAL_NULL_CONVERSION = YES;
				CLANG_WARN_OBJC_IMPLICIT_RETAIN_SELF = YES;
				CLANG_WARN_OBJC_LITERAL_CONVERSION = YES;
				CLANG_WARN_OBJC_ROOT_CLASS = YES_ERROR;
				CLANG_WARN_QUOTED_INCLUDE_IN_FRAMEWORK_HEADER = YES;
				CLANG_WARN_RANGE_LOOP_ANALYSIS = YES;
				CLANG_WARN_STRICT_PROTOTYPES = YES;
				CLANG_WARN_SUSPICIOUS_MOVE = YES;
				CLANG_WARN_UNGUARDED_AVAILABILITY = YES_AGGRESSIVE;
				CLANG_WARN_UNREACHABLE_CODE = YES;
				CLANG_WARN__DUPLICATE_METHOD_MATCH = YES;
				COPY_PHASE_STRIP = NO;
				DEBUG_INFORMATION_FORMAT = "dwarf-with-dsym";
				ENABLE_NS_ASSERTIONS = NO;
				ENABLE_STRICT_OBJC_MSGSEND = YES;
				GCC_C_LANGUAGE_STANDARD = gnu11;
				GCC_NO_COMMON_BLOCKS = YES;
				GCC_WARN_64_TO_32_BIT_CONVERSION = YES;
				GCC_WARN_ABOUT_RETURN_TYPE = YES_ERROR;
				GCC_WARN_UNDECLARED_SELECTOR = YES;
				GCC_WARN_UNINITIALIZED_AUTOS = YES_AGGRESSIVE;
				GCC_WARN_UNUSED_FUNCTION = YES;
				GCC_WARN_UNUSED_VARIABLE = YES;
				IPHONEOS_DEPLOYMENT_TARGET = 15.4;
				MTL_ENABLE_DEBUG_INFO = NO;
				MTL_FAST_MATH = YES;
				SDKROOT = iphoneos;
				SWIFT_COMPILATION_MODE = wholemodule;
				SWIFT_OPTIMIZATION_LEVEL = "-O";
				VALIDATE_PRODUCT = YES;
			};
			name = Release;
		};
		9D06B3A42837577000EEDD19 /* Debug */ = {
			isa = XCBuildConfiguration;
			buildSettings = {
				ASSETCATALOG_COMPILER_APPICON_NAME = AppIcon;
				ASSETCATALOG_COMPILER_GLOBAL_ACCENT_COLOR_NAME = AccentColor;
				CODE_SIGN_STYLE = Automatic;
				CURRENT_PROJECT_VERSION = 1;
				GENERATE_INFOPLIST_FILE = YES;
				INFOPLIST_FILE = Swift_Async/Info.plist;
				INFOPLIST_KEY_UIApplicationSupportsIndirectInputEvents = YES;
				INFOPLIST_KEY_UILaunchStoryboardName = LaunchScreen;
				INFOPLIST_KEY_UIMainStoryboardFile = Main;
				INFOPLIST_KEY_UISupportedInterfaceOrientations_iPad = "UIInterfaceOrientationPortrait UIInterfaceOrientationPortraitUpsideDown UIInterfaceOrientationLandscapeLeft UIInterfaceOrientationLandscapeRight";
				INFOPLIST_KEY_UISupportedInterfaceOrientations_iPhone = "UIInterfaceOrientationPortrait UIInterfaceOrientationLandscapeLeft UIInterfaceOrientationLandscapeRight";
				IPHONEOS_DEPLOYMENT_TARGET = 16.0;
				LD_RUNPATH_SEARCH_PATHS = (
					"$(inherited)",
					"@executable_path/Frameworks",
				);
				MARKETING_VERSION = 1.0;
				PRODUCT_BUNDLE_IDENTIFIER = "com.hq.Swift-Async";
				PRODUCT_NAME = "$(TARGET_NAME)";
				SWIFT_EMIT_LOC_STRINGS = YES;
				SWIFT_VERSION = 5.0;
				TARGETED_DEVICE_FAMILY = "1,2";
			};
			name = Debug;
		};
		9D06B3A52837577000EEDD19 /* Release */ = {
			isa = XCBuildConfiguration;
			buildSettings = {
				ASSETCATALOG_COMPILER_APPICON_NAME = AppIcon;
				ASSETCATALOG_COMPILER_GLOBAL_ACCENT_COLOR_NAME = AccentColor;
				CODE_SIGN_STYLE = Automatic;
				CURRENT_PROJECT_VERSION = 1;
				GENERATE_INFOPLIST_FILE = YES;
				INFOPLIST_FILE = Swift_Async/Info.plist;
				INFOPLIST_KEY_UIApplicationSupportsIndirectInputEvents = YES;
				INFOPLIST_KEY_UILaunchStoryboardName = LaunchScreen;
				INFOPLIST_KEY_UIMainStoryboardFile = Main;
				INFOPLIST_KEY_UISupportedInterfaceOrientations_iPad = "UIInterfaceOrientationPortrait UIInterfaceOrientationPortraitUpsideDown UIInterfaceOrientationLandscapeLeft UIInterfaceOrientationLandscapeRight";
				INFOPLIST_KEY_UISupportedInterfaceOrientations_iPhone = "UIInterfaceOrientationPortrait UIInterfaceOrientationLandscapeLeft UIInterfaceOrientationLandscapeRight";
				IPHONEOS_DEPLOYMENT_TARGET = 16.0;
				LD_RUNPATH_SEARCH_PATHS = (
					"$(inherited)",
					"@executable_path/Frameworks",
				);
				MARKETING_VERSION = 1.0;
				PRODUCT_BUNDLE_IDENTIFIER = "com.hq.Swift-Async";
				PRODUCT_NAME = "$(TARGET_NAME)";
				SWIFT_EMIT_LOC_STRINGS = YES;
				SWIFT_VERSION = 5.0;
				TARGETED_DEVICE_FAMILY = "1,2";
			};
			name = Release;
		};
/* End XCBuildConfiguration section */

/* Begin XCConfigurationList section */
		9D06B38A2837576E00EEDD19 /* Build configuration list for PBXProject "Swift_Async" */ = {
			isa = XCConfigurationList;
			buildConfigurations = (
				9D06B3A12837577000EEDD19 /* Debug */,
				9D06B3A22837577000EEDD19 /* Release */,
			);
			defaultConfigurationIsVisible = 0;
			defaultConfigurationName = Release;
		};
		9D06B3A32837577000EEDD19 /* Build configuration list for PBXNativeTarget "Swift_Async" */ = {
			isa = XCConfigurationList;
			buildConfigurations = (
				9D06B3A42837577000EEDD19 /* Debug */,
				9D06B3A52837577000EEDD19 /* Release */,
			);
			defaultConfigurationIsVisible = 0;
			defaultConfigurationName = Release;
		};
/* End XCConfigurationList section */
	};
	rootObject = 9D06B3872837576E00EEDD19 /* Project object */;
}
